
Microsoft Visual Studio Solution File, Format Version 12.00
# Visual Studio Version 16
VisualStudioVersion = 16.0.32228.343
MinimumVisualStudioVersion = 10.0.40219.1
Project("{FAE04EC0-301F-11D3-BF4B-00C04F79EFBC}") = "FoISvS4vLW2", "FoIS\FoISvS4vLW2.csproj", "{D61DC64E-17E4-4A83-942F-33284BFC40E2}"
EndProject
Global
	GlobalSection(SolutionConfigurationPlatforms) = preSolution
		Debug|Any CPU = Debug|Any CPU
		Release|Any CPU = Release|Any CPU
	EndGlobalSection
	GlobalSection(ProjectConfigurationPlatforms) = postSolution
		{D61DC64E-17E4-4A83-942F-33284BFC40E2}.Debug|Any CPU.ActiveCfg = Debug|Any CPU
		{D61DC64E-17E4-4A83-942F-33284BFC40E2}.Debug|Any CPU.Build.0 = Debug|Any CPU
		{D61DC64E-17E4-4A83-942F-33284BFC40E2}.Release|Any CPU.ActiveCfg = Release|Any CPU
		{D61DC64E-17E4-4A83-942F-33284BFC40E2}.Release|Any CPU.Build.0 = Release|Any CPU
	EndGlobalSection
	GlobalSection(SolutionProperties) = preSolution
		HideSolutionNode = FALSE
	EndGlobalSection
	GlobalSection(ExtensibilityGlobals) = postSolution
		SolutionGuid = {D34D28DD-98B4-499F-AC02-618B4DBCFB7E}
	EndGlobalSection
EndGlobal
